
Microsoft Visual Studio Solution File, Format Version 12.00
# Visual Studio Version 17
VisualStudioVersion = 17.14.36518.9
MinimumVisualStudioVersion = 10.0.40219.1
Project("{FAE04EC0-301F-11D3-BF4B-00C04F79EFBC}") = "AdControl.ScreenClient", "AdControl.ScreenClient\AdControl.ScreenClient.csproj", "{29162D8C-4023-40B2-9231-AF619BAF6B69}"
EndProject
Project("{FAE04EC0-301F-11D3-BF4B-00C04F79EFBC}") = "AdControl.Protos", "..\..\Server\AdControl.Protos\AdControl.Protos.csproj", "{218B1140-6E06-E8C0-C15C-F1E831B9D20A}"
EndProject
Project("{FAE04EC0-301F-11D3-BF4B-00C04F79EFBC}") = "AdControl.ScreenClient.Android", "AdControl.ScreenClient.Android\AdControl.ScreenClient.Android.csproj", "{B1C0808C-F77E-EDBD-5FFA-FB0258EE29F9}"
EndProject
Project("{FAE04EC0-301F-11D3-BF4B-00C04F79EFBC}") = "AdControl.ScreenClient.Core", "AdControl.ScreenClient.Core\AdControl.ScreenClient.Core.csproj", "{6E9E0D93-E3F2-4987-A06B-618BDB94D971}"
EndProject
Project("{2150E333-8FDC-42A3-9474-1A3956D46DE8}") = "Элементы решения", "Элементы решения", "{754FC069-D67B-A9D7-50A1-8D1CA196D8F1}"
	ProjectSection(SolutionItems) = preProject
		Setup.exe = Setup.exe
		setup.nsi = setup.nsi
	EndProjectSection
EndProject
Global
	GlobalSection(SolutionConfigurationPlatforms) = preSolution
		Debug|Any CPU = Debug|Any CPU
		Debug|ARM64 = Debug|ARM64
		Debug|x64 = Debug|x64
		Debug|x86 = Debug|x86
		Release|Any CPU = Release|Any CPU
		Release|ARM64 = Release|ARM64
		Release|x64 = Release|x64
		Release|x86 = Release|x86
	EndGlobalSection
	GlobalSection(ProjectConfigurationPlatforms) = postSolution
		{29162D8C-4023-40B2-9231-AF619BAF6B69}.Debug|Any CPU.ActiveCfg = Debug|Any CPU
		{29162D8C-4023-40B2-9231-AF619BAF6B69}.Debug|Any CPU.Build.0 = Debug|Any CPU
		{29162D8C-4023-40B2-9231-AF619BAF6B69}.Debug|ARM64.ActiveCfg = Debug|Any CPU
		{29162D8C-4023-40B2-9231-AF619BAF6B69}.Debug|ARM64.Build.0 = Debug|Any CPU
		{29162D8C-4023-40B2-9231-AF619BAF6B69}.Debug|x64.ActiveCfg = Debug|Any CPU
		{29162D8C-4023-40B2-9231-AF619BAF6B69}.Debug|x64.Build.0 = Debug|Any CPU
		{29162D8C-4023-40B2-9231-AF619BAF6B69}.Debug|x86.ActiveCfg = Debug|Any CPU
		{29162D8C-4023-40B2-9231-AF619BAF6B69}.Debug|x86.Build.0 = Debug|Any CPU
		{29162D8C-4023-40B2-9231-AF619BAF6B69}.Release|Any CPU.ActiveCfg = Release|Any CPU
		{29162D8C-4023-40B2-9231-AF619BAF6B69}.Release|Any CPU.Build.0 = Release|Any CPU
		{29162D8C-4023-40B2-9231-AF619BAF6B69}.Release|ARM64.ActiveCfg = Release|Any CPU
		{29162D8C-4023-40B2-9231-AF619BAF6B69}.Release|ARM64.Build.0 = Release|Any CPU
		{29162D8C-4023-40B2-9231-AF619BAF6B69}.Release|x64.ActiveCfg = Release|Any CPU
		{29162D8C-4023-40B2-9231-AF619BAF6B69}.Release|x64.Build.0 = Release|Any CPU
		{29162D8C-4023-40B2-9231-AF619BAF6B69}.Release|x86.ActiveCfg = Release|Any CPU
		{29162D8C-4023-40B2-9231-AF619BAF6B69}.Release|x86.Build.0 = Release|Any CPU
		{218B1140-6E06-E8C0-C15C-F1E831B9D20A}.Debug|Any CPU.ActiveCfg = Debug|Any CPU
		{218B1140-6E06-E8C0-C15C-F1E831B9D20A}.Debug|Any CPU.Build.0 = Debug|Any CPU
		{218B1140-6E06-E8C0-C15C-F1E831B9D20A}.Debug|ARM64.ActiveCfg = Debug|Any CPU
		{218B1140-6E06-E8C0-C15C-F1E831B9D20A}.Debug|ARM64.Build.0 = Debug|Any CPU
		{218B1140-6E06-E8C0-C15C-F1E831B9D20A}.Debug|x64.ActiveCfg = Debug|Any CPU
		{218B1140-6E06-E8C0-C15C-F1E831B9D20A}.Debug|x64.Build.0 = Debug|Any CPU
		{218B1140-6E06-E8C0-C15C-F1E831B9D20A}.Debug|x86.ActiveCfg = Debug|Any CPU
		{218B1140-6E06-E8C0-C15C-F1E831B9D20A}.Debug|x86.Build.0 = Debug|Any CPU
		{218B1140-6E06-E8C0-C15C-F1E831B9D20A}.Release|Any CPU.ActiveCfg = Release|Any CPU
		{218B1140-6E06-E8C0-C15C-F1E831B9D20A}.Release|Any CPU.Build.0 = Release|Any CPU
		{218B1140-6E06-E8C0-C15C-F1E831B9D20A}.Release|ARM64.ActiveCfg = Release|Any CPU
		{218B1140-6E06-E8C0-C15C-F1E831B9D20A}.Release|ARM64.Build.0 = Release|Any CPU
		{218B1140-6E06-E8C0-C15C-F1E831B9D20A}.Release|x64.ActiveCfg = Release|Any CPU
		{218B1140-6E06-E8C0-C15C-F1E831B9D20A}.Release|x64.Build.0 = Release|Any CPU
		{218B1140-6E06-E8C0-C15C-F1E831B9D20A}.Release|x86.ActiveCfg = Release|Any CPU
		{218B1140-6E06-E8C0-C15C-F1E831B9D20A}.Release|x86.Build.0 = Release|Any CPU
		{B1C0808C-F77E-EDBD-5FFA-FB0258EE29F9}.Debug|Any CPU.ActiveCfg = Debug|Any CPU
		{B1C0808C-F77E-EDBD-5FFA-FB0258EE29F9}.Debug|Any CPU.Build.0 = Debug|Any CPU
		{B1C0808C-F77E-EDBD-5FFA-FB0258EE29F9}.Debug|Any CPU.Deploy.0 = Debug|Any CPU
		{B1C0808C-F77E-EDBD-5FFA-FB0258EE29F9}.Debug|ARM64.ActiveCfg = Debug|Any CPU
		{B1C0808C-F77E-EDBD-5FFA-FB0258EE29F9}.Debug|ARM64.Build.0 = Debug|Any CPU
		{B1C0808C-F77E-EDBD-5FFA-FB0258EE29F9}.Debug|ARM64.Deploy.0 = Debug|Any CPU
		{B1C0808C-F77E-EDBD-5FFA-FB0258EE29F9}.Debug|x64.ActiveCfg = Debug|Any CPU
		{B1C0808C-F77E-EDBD-5FFA-FB0258EE29F9}.Debug|x64.Build.0 = Debug|Any CPU
		{B1C0808C-F77E-EDBD-5FFA-FB0258EE29F9}.Debug|x64.Deploy.0 = Debug|Any CPU
		{B1C0808C-F77E-EDBD-5FFA-FB0258EE29F9}.Debug|x86.ActiveCfg = Debug|Any CPU
		{B1C0808C-F77E-EDBD-5FFA-FB0258EE29F9}.Debug|x86.Build.0 = Debug|Any CPU
		{B1C0808C-F77E-EDBD-5FFA-FB0258EE29F9}.Debug|x86.Deploy.0 = Debug|Any CPU
		{B1C0808C-F77E-EDBD-5FFA-FB0258EE29F9}.Release|Any CPU.ActiveCfg = Release|Any CPU
		{B1C0808C-F77E-EDBD-5FFA-FB0258EE29F9}.Release|Any CPU.Build.0 = Release|Any CPU
		{B1C0808C-F77E-EDBD-5FFA-FB0258EE29F9}.Release|Any CPU.Deploy.0 = Release|Any CPU
		{B1C0808C-F77E-EDBD-5FFA-FB0258EE29F9}.Release|ARM64.ActiveCfg = Release|Any CPU
		{B1C0808C-F77E-EDBD-5FFA-FB0258EE29F9}.Release|ARM64.Build.0 = Release|Any CPU
		{B1C0808C-F77E-EDBD-5FFA-FB0258EE29F9}.Release|ARM64.Deploy.0 = Release|Any CPU
		{B1C0808C-F77E-EDBD-5FFA-FB0258EE29F9}.Release|x64.ActiveCfg = Release|Any CPU
		{B1C0808C-F77E-EDBD-5FFA-FB0258EE29F9}.Release|x64.Build.0 = Release|Any CPU
		{B1C0808C-F77E-EDBD-5FFA-FB0258EE29F9}.Release|x64.Deploy.0 = Release|Any CPU
		{B1C0808C-F77E-EDBD-5FFA-FB0258EE29F9}.Release|x86.ActiveCfg = Release|Any CPU
		{B1C0808C-F77E-EDBD-5FFA-FB0258EE29F9}.Release|x86.Build.0 = Release|Any CPU
		{B1C0808C-F77E-EDBD-5FFA-FB0258EE29F9}.Release|x86.Deploy.0 = Release|Any CPU
		{6E9E0D93-E3F2-4987-A06B-618BDB94D971}.Debug|Any CPU.ActiveCfg = Debug|Any CPU
		{6E9E0D93-E3F2-4987-A06B-618BDB94D971}.Debug|Any CPU.Build.0 = Debug|Any CPU
		{6E9E0D93-E3F2-4987-A06B-618BDB94D971}.Debug|ARM64.ActiveCfg = Debug|Any CPU
		{6E9E0D93-E3F2-4987-A06B-618BDB94D971}.Debug|ARM64.Build.0 = Debug|Any CPU
		{6E9E0D93-E3F2-4987-A06B-618BDB94D971}.Debug|x64.ActiveCfg = Debug|Any CPU
		{6E9E0D93-E3F2-4987-A06B-618BDB94D971}.Debug|x64.Build.0 = Debug|Any CPU
		{6E9E0D93-E3F2-4987-A06B-618BDB94D971}.Debug|x86.ActiveCfg = Debug|Any CPU
		{6E9E0D93-E3F2-4987-A06B-618BDB94D971}.Debug|x86.Build.0 = Debug|Any CPU
		{6E9E0D93-E3F2-4987-A06B-618BDB94D971}.Release|Any CPU.ActiveCfg = Release|Any CPU
		{6E9E0D93-E3F2-4987-A06B-618BDB94D971}.Release|Any CPU.Build.0 = Release|Any CPU
		{6E9E0D93-E3F2-4987-A06B-618BDB94D971}.Release|ARM64.ActiveCfg = Release|Any CPU
		{6E9E0D93-E3F2-4987-A06B-618BDB94D971}.Release|ARM64.Build.0 = Release|Any CPU
		{6E9E0D93-E3F2-4987-A06B-618BDB94D971}.Release|x64.ActiveCfg = Release|Any CPU
		{6E9E0D93-E3F2-4987-A06B-618BDB94D971}.Release|x64.Build.0 = Release|Any CPU
		{6E9E0D93-E3F2-4987-A06B-618BDB94D971}.Release|x86.ActiveCfg = Release|Any CPU
		{6E9E0D93-E3F2-4987-A06B-618BDB94D971}.Release|x86.Build.0 = Release|Any CPU
	EndGlobalSection
	GlobalSection(SolutionProperties) = preSolution
		HideSolutionNode = FALSE
	EndGlobalSection
	GlobalSection(ExtensibilityGlobals) = postSolution
		SolutionGuid = {B55A841B-D152-4625-888F-C86BEDDA07B9}
	EndGlobalSection
EndGlobal
