
Microsoft Visual Studio Solution File, Format Version 12.00
# Visual Studio Version 17
VisualStudioVersion = 17.14.36518.9 d17.14
MinimumVisualStudioVersion = 10.0.40219.1
Project("{FAE04EC0-301F-11D3-BF4B-00C04F79EFBC}") = "AdControl.API", "AdControl.API\AdControl.API.csproj", "{C3A574A1-7F4F-4DD4-BDFD-A6757EB4912B}"
EndProject
Global
	GlobalSection(SolutionConfigurationPlatforms) = preSolution
		Debug|Any CPU = Debug|Any CPU
		Release|Any CPU = Release|Any CPU
	EndGlobalSection
	GlobalSection(ProjectConfigurationPlatforms) = postSolution
		{C3A574A1-7F4F-4DD4-BDFD-A6757EB4912B}.Debug|Any CPU.ActiveCfg = Debug|Any CPU
		{C3A574A1-7F4F-4DD4-BDFD-A6757EB4912B}.Debug|Any CPU.Build.0 = Debug|Any CPU
		{C3A574A1-7F4F-4DD4-BDFD-A6757EB4912B}.Release|Any CPU.ActiveCfg = Release|Any CPU
		{C3A574A1-7F4F-4DD4-BDFD-A6757EB4912B}.Release|Any CPU.Build.0 = Release|Any CPU
	EndGlobalSection
	GlobalSection(SolutionProperties) = preSolution
		HideSolutionNode = FALSE
	EndGlobalSection
	GlobalSection(ExtensibilityGlobals) = postSolution
		SolutionGuid = {3B97F0B5-589A-4C94-B549-06AE1F4FDC5D}
	EndGlobalSection
EndGlobal
